<?xml version="1.0" encoding="utf-8"?>
<Project ToolsVersion="17.0" xmlns="http://schemas.microsoft.com/developer/msbuild/2003">
  <ItemGroup>
    <CustomBuild Include="D:\a\pycdc\pycdc\build\CMakeFiles\8d54b62a030686e68084766c484b8c4f\check.rule">
      <Filter>CMake Rules</Filter>
    </CustomBuild>
    <CustomBuild Include="D:\a\pycdc\pycdc\CMakeLists.txt" />
  </ItemGroup>
  <ItemGroup>
    <None Include="D:\a\pycdc\pycdc\build\CMakeFiles\check" />
  </ItemGroup>
  <ItemGroup>
    <Filter Include="CMake Rules">
      <UniqueIdentifier>{56521E4A-953F-38C8-9D20-EB815342E61D}</UniqueIdentifier>
    </Filter>
  </ItemGroup>
</Project>
