
Microsoft Visual Studio Solution File, Format Version 12.00
# Visual Studio Version 17
Project("{8BC9CEB8-8B4A-11D0-8D11-00A0C91BC942}") = "ALL_BUILD", "ALL_BUILD.vcxproj", "{E7E1E24B-6D28-37D0-85F5-D1FC62A13F15}"
	ProjectSection(ProjectDependencies) = postProject
		{65AC7B31-EC64-36D5-BDEC-4E698B46F22E} = {65AC7B31-EC64-36D5-BDEC-4E698B46F22E}
		{4132011F-F577-3C8A-AEE5-D850382940B7} = {4132011F-F577-3C8A-AEE5-D850382940B7}
		{58DAAF62-0F59-37FB-B89E-033B7EF62C5F} = {58DAAF62-0F59-37FB-B89E-033B7EF62C5F}
		{8A99264F-BCBF-338E-A56B-FA375E4708BF} = {8A99264F-BCBF-338E-A56B-FA375E4708BF}
	EndProjectSection
EndProject
Project("{8BC9CEB8-8B4A-11D0-8D11-00A0C91BC942}") = "INSTALL", "INSTALL.vcxproj", "{C4F9C82E-12B0-3F67-A988-25C76F34A294}"
	ProjectSection(ProjectDependencies) = postProject
		{E7E1E24B-6D28-37D0-85F5-D1FC62A13F15} = {E7E1E24B-6D28-37D0-85F5-D1FC62A13F15}
		{65AC7B31-EC64-36D5-BDEC-4E698B46F22E} = {65AC7B31-EC64-36D5-BDEC-4E698B46F22E}
	EndProjectSection
EndProject
Project("{8BC9CEB8-8B4A-11D0-8D11-00A0C91BC942}") = "ZERO_CHECK", "ZERO_CHECK.vcxproj", "{65AC7B31-EC64-36D5-BDEC-4E698B46F22E}"
	ProjectSection(ProjectDependencies) = postProject
	EndProjectSection
EndProject
Project("{8BC9CEB8-8B4A-11D0-8D11-00A0C91BC942}") = "check", "check.vcxproj", "{D5B9CD82-0382-3045-B405-FA83F011B79D}"
	ProjectSection(ProjectDependencies) = postProject
		{65AC7B31-EC64-36D5-BDEC-4E698B46F22E} = {65AC7B31-EC64-36D5-BDEC-4E698B46F22E}
		{58DAAF62-0F59-37FB-B89E-033B7EF62C5F} = {58DAAF62-0F59-37FB-B89E-033B7EF62C5F}
	EndProjectSection
EndProject
Project("{8BC9CEB8-8B4A-11D0-8D11-00A0C91BC942}") = "pycdas", "pycdas.vcxproj", "{4132011F-F577-3C8A-AEE5-D850382940B7}"
	ProjectSection(ProjectDependencies) = postProject
		{65AC7B31-EC64-36D5-BDEC-4E698B46F22E} = {65AC7B31-EC64-36D5-BDEC-4E698B46F22E}
		{8A99264F-BCBF-338E-A56B-FA375E4708BF} = {8A99264F-BCBF-338E-A56B-FA375E4708BF}
	EndProjectSection
EndProject
Project("{8BC9CEB8-8B4A-11D0-8D11-00A0C91BC942}") = "pycdc", "pycdc.vcxproj", "{58DAAF62-0F59-37FB-B89E-033B7EF62C5F}"
	ProjectSection(ProjectDependencies) = postProject
		{65AC7B31-EC64-36D5-BDEC-4E698B46F22E} = {65AC7B31-EC64-36D5-BDEC-4E698B46F22E}
		{8A99264F-BCBF-338E-A56B-FA375E4708BF} = {8A99264F-BCBF-338E-A56B-FA375E4708BF}
	EndProjectSection
EndProject
Project("{8BC9CEB8-8B4A-11D0-8D11-00A0C91BC942}") = "pycxx", "pycxx.vcxproj", "{8A99264F-BCBF-338E-A56B-FA375E4708BF}"
	ProjectSection(ProjectDependencies) = postProject
		{65AC7B31-EC64-36D5-BDEC-4E698B46F22E} = {65AC7B31-EC64-36D5-BDEC-4E698B46F22E}
	EndProjectSection
EndProject
Global
	GlobalSection(SolutionConfigurationPlatforms) = preSolution
		Debug|Win32 = Debug|Win32
		Release|Win32 = Release|Win32
		MinSizeRel|Win32 = MinSizeRel|Win32
		RelWithDebInfo|Win32 = RelWithDebInfo|Win32
	EndGlobalSection
	GlobalSection(ProjectConfigurationPlatforms) = postSolution
		{E7E1E24B-6D28-37D0-85F5-D1FC62A13F15}.Debug|Win32.ActiveCfg = Debug|Win32
		{E7E1E24B-6D28-37D0-85F5-D1FC62A13F15}.Debug|Win32.Build.0 = Debug|Win32
		{E7E1E24B-6D28-37D0-85F5-D1FC62A13F15}.Release|Win32.ActiveCfg = Release|Win32
		{E7E1E24B-6D28-37D0-85F5-D1FC62A13F15}.Release|Win32.Build.0 = Release|Win32
		{E7E1E24B-6D28-37D0-85F5-D1FC62A13F15}.MinSizeRel|Win32.ActiveCfg = MinSizeRel|Win32
		{E7E1E24B-6D28-37D0-85F5-D1FC62A13F15}.MinSizeRel|Win32.Build.0 = MinSizeRel|Win32
		{E7E1E24B-6D28-37D0-85F5-D1FC62A13F15}.RelWithDebInfo|Win32.ActiveCfg = RelWithDebInfo|Win32
		{E7E1E24B-6D28-37D0-85F5-D1FC62A13F15}.RelWithDebInfo|Win32.Build.0 = RelWithDebInfo|Win32
		{C4F9C82E-12B0-3F67-A988-25C76F34A294}.Debug|Win32.ActiveCfg = Debug|Win32
		{C4F9C82E-12B0-3F67-A988-25C76F34A294}.Release|Win32.ActiveCfg = Release|Win32
		{C4F9C82E-12B0-3F67-A988-25C76F34A294}.MinSizeRel|Win32.ActiveCfg = MinSizeRel|Win32
		{C4F9C82E-12B0-3F67-A988-25C76F34A294}.RelWithDebInfo|Win32.ActiveCfg = RelWithDebInfo|Win32
		{65AC7B31-EC64-36D5-BDEC-4E698B46F22E}.Debug|Win32.ActiveCfg = Debug|Win32
		{65AC7B31-EC64-36D5-BDEC-4E698B46F22E}.Debug|Win32.Build.0 = Debug|Win32
		{65AC7B31-EC64-36D5-BDEC-4E698B46F22E}.Release|Win32.ActiveCfg = Release|Win32
		{65AC7B31-EC64-36D5-BDEC-4E698B46F22E}.Release|Win32.Build.0 = Release|Win32
		{65AC7B31-EC64-36D5-BDEC-4E698B46F22E}.MinSizeRel|Win32.ActiveCfg = MinSizeRel|Win32
		{65AC7B31-EC64-36D5-BDEC-4E698B46F22E}.MinSizeRel|Win32.Build.0 = MinSizeRel|Win32
		{65AC7B31-EC64-36D5-BDEC-4E698B46F22E}.RelWithDebInfo|Win32.ActiveCfg = RelWithDebInfo|Win32
		{65AC7B31-EC64-36D5-BDEC-4E698B46F22E}.RelWithDebInfo|Win32.Build.0 = RelWithDebInfo|Win32
		{D5B9CD82-0382-3045-B405-FA83F011B79D}.Debug|Win32.ActiveCfg = Debug|Win32
		{D5B9CD82-0382-3045-B405-FA83F011B79D}.Release|Win32.ActiveCfg = Release|Win32
		{D5B9CD82-0382-3045-B405-FA83F011B79D}.MinSizeRel|Win32.ActiveCfg = MinSizeRel|Win32
		{D5B9CD82-0382-3045-B405-FA83F011B79D}.RelWithDebInfo|Win32.ActiveCfg = RelWithDebInfo|Win32
		{4132011F-F577-3C8A-AEE5-D850382940B7}.Debug|Win32.ActiveCfg = Debug|Win32
		{4132011F-F577-3C8A-AEE5-D850382940B7}.Debug|Win32.Build.0 = Debug|Win32
		{4132011F-F577-3C8A-AEE5-D850382940B7}.Release|Win32.ActiveCfg = Release|Win32
		{4132011F-F577-3C8A-AEE5-D850382940B7}.Release|Win32.Build.0 = Release|Win32
		{4132011F-F577-3C8A-AEE5-D850382940B7}.MinSizeRel|Win32.ActiveCfg = MinSizeRel|Win32
		{4132011F-F577-3C8A-AEE5-D850382940B7}.MinSizeRel|Win32.Build.0 = MinSizeRel|Win32
		{4132011F-F577-3C8A-AEE5-D850382940B7}.RelWithDebInfo|Win32.ActiveCfg = RelWithDebInfo|Win32
		{4132011F-F577-3C8A-AEE5-D850382940B7}.RelWithDebInfo|Win32.Build.0 = RelWithDebInfo|Win32
		{58DAAF62-0F59-37FB-B89E-033B7EF62C5F}.Debug|Win32.ActiveCfg = Debug|Win32
		{58DAAF62-0F59-37FB-B89E-033B7EF62C5F}.Debug|Win32.Build.0 = Debug|Win32
		{58DAAF62-0F59-37FB-B89E-033B7EF62C5F}.Release|Win32.ActiveCfg = Release|Win32
		{58DAAF62-0F59-37FB-B89E-033B7EF62C5F}.Release|Win32.Build.0 = Release|Win32
		{58DAAF62-0F59-37FB-B89E-033B7EF62C5F}.MinSizeRel|Win32.ActiveCfg = MinSizeRel|Win32
		{58DAAF62-0F59-37FB-B89E-033B7EF62C5F}.MinSizeRel|Win32.Build.0 = MinSizeRel|Win32
		{58DAAF62-0F59-37FB-B89E-033B7EF62C5F}.RelWithDebInfo|Win32.ActiveCfg = RelWithDebInfo|Win32
		{58DAAF62-0F59-37FB-B89E-033B7EF62C5F}.RelWithDebInfo|Win32.Build.0 = RelWithDebInfo|Win32
		{8A99264F-BCBF-338E-A56B-FA375E4708BF}.Debug|Win32.ActiveCfg = Debug|Win32
		{8A99264F-BCBF-338E-A56B-FA375E4708BF}.Debug|Win32.Build.0 = Debug|Win32
		{8A99264F-BCBF-338E-A56B-FA375E4708BF}.Release|Win32.ActiveCfg = Release|Win32
		{8A99264F-BCBF-338E-A56B-FA375E4708BF}.Release|Win32.Build.0 = Release|Win32
		{8A99264F-BCBF-338E-A56B-FA375E4708BF}.MinSizeRel|Win32.ActiveCfg = MinSizeRel|Win32
		{8A99264F-BCBF-338E-A56B-FA375E4708BF}.MinSizeRel|Win32.Build.0 = MinSizeRel|Win32
		{8A99264F-BCBF-338E-A56B-FA375E4708BF}.RelWithDebInfo|Win32.ActiveCfg = RelWithDebInfo|Win32
		{8A99264F-BCBF-338E-A56B-FA375E4708BF}.RelWithDebInfo|Win32.Build.0 = RelWithDebInfo|Win32
	EndGlobalSection
	GlobalSection(ExtensibilityGlobals) = postSolution
		SolutionGuid = {91AC81C5-06B0-3B9C-A64C-7A492714A03B}
	EndGlobalSection
	GlobalSection(ExtensibilityAddIns) = postSolution
	EndGlobalSection
EndGlobal
