<?xml version="1.0" encoding="utf-8"?>
<Project ToolsVersion="17.0" xmlns="http://schemas.microsoft.com/developer/msbuild/2003">
  <ItemGroup>
    <ClCompile Include="D:\a\pycdc\pycdc\bytecode.cpp">
      <Filter>Source Files</Filter>
    </ClCompile>
    <ClCompile Include="D:\a\pycdc\pycdc\data.cpp">
      <Filter>Source Files</Filter>
    </ClCompile>
    <ClCompile Include="D:\a\pycdc\pycdc\pyc_code.cpp">
      <Filter>Source Files</Filter>
    </ClCompile>
    <ClCompile Include="D:\a\pycdc\pycdc\pyc_module.cpp">
      <Filter>Source Files</Filter>
    </ClCompile>
    <ClCompile Include="D:\a\pycdc\pycdc\pyc_numeric.cpp">
      <Filter>Source Files</Filter>
    </ClCompile>
    <ClCompile Include="D:\a\pycdc\pycdc\pyc_object.cpp">
      <Filter>Source Files</Filter>
    </ClCompile>
    <ClCompile Include="D:\a\pycdc\pycdc\pyc_sequence.cpp">
      <Filter>Source Files</Filter>
    </ClCompile>
    <ClCompile Include="D:\a\pycdc\pycdc\pyc_string.cpp">
      <Filter>Source Files</Filter>
    </ClCompile>
    <ClCompile Include="D:\a\pycdc\pycdc\bytes\python_1_0.cpp">
      <Filter>Source Files</Filter>
    </ClCompile>
    <ClCompile Include="D:\a\pycdc\pycdc\bytes\python_1_1.cpp">
      <Filter>Source Files</Filter>
    </ClCompile>
    <ClCompile Include="D:\a\pycdc\pycdc\bytes\python_1_3.cpp">
      <Filter>Source Files</Filter>
    </ClCompile>
    <ClCompile Include="D:\a\pycdc\pycdc\bytes\python_1_4.cpp">
      <Filter>Source Files</Filter>
    </ClCompile>
    <ClCompile Include="D:\a\pycdc\pycdc\bytes\python_1_5.cpp">
      <Filter>Source Files</Filter>
    </ClCompile>
    <ClCompile Include="D:\a\pycdc\pycdc\bytes\python_1_6.cpp">
      <Filter>Source Files</Filter>
    </ClCompile>
    <ClCompile Include="D:\a\pycdc\pycdc\bytes\python_2_0.cpp">
      <Filter>Source Files</Filter>
    </ClCompile>
    <ClCompile Include="D:\a\pycdc\pycdc\bytes\python_2_1.cpp">
      <Filter>Source Files</Filter>
    </ClCompile>
    <ClCompile Include="D:\a\pycdc\pycdc\bytes\python_2_2.cpp">
      <Filter>Source Files</Filter>
    </ClCompile>
    <ClCompile Include="D:\a\pycdc\pycdc\bytes\python_2_3.cpp">
      <Filter>Source Files</Filter>
    </ClCompile>
    <ClCompile Include="D:\a\pycdc\pycdc\bytes\python_2_4.cpp">
      <Filter>Source Files</Filter>
    </ClCompile>
    <ClCompile Include="D:\a\pycdc\pycdc\bytes\python_2_5.cpp">
      <Filter>Source Files</Filter>
    </ClCompile>
    <ClCompile Include="D:\a\pycdc\pycdc\bytes\python_2_6.cpp">
      <Filter>Source Files</Filter>
    </ClCompile>
    <ClCompile Include="D:\a\pycdc\pycdc\bytes\python_2_7.cpp">
      <Filter>Source Files</Filter>
    </ClCompile>
    <ClCompile Include="D:\a\pycdc\pycdc\bytes\python_3_0.cpp">
      <Filter>Source Files</Filter>
    </ClCompile>
    <ClCompile Include="D:\a\pycdc\pycdc\bytes\python_3_1.cpp">
      <Filter>Source Files</Filter>
    </ClCompile>
    <ClCompile Include="D:\a\pycdc\pycdc\bytes\python_3_2.cpp">
      <Filter>Source Files</Filter>
    </ClCompile>
    <ClCompile Include="D:\a\pycdc\pycdc\bytes\python_3_3.cpp">
      <Filter>Source Files</Filter>
    </ClCompile>
    <ClCompile Include="D:\a\pycdc\pycdc\bytes\python_3_4.cpp">
      <Filter>Source Files</Filter>
    </ClCompile>
    <ClCompile Include="D:\a\pycdc\pycdc\bytes\python_3_5.cpp">
      <Filter>Source Files</Filter>
    </ClCompile>
    <ClCompile Include="D:\a\pycdc\pycdc\bytes\python_3_6.cpp">
      <Filter>Source Files</Filter>
    </ClCompile>
    <ClCompile Include="D:\a\pycdc\pycdc\bytes\python_3_7.cpp">
      <Filter>Source Files</Filter>
    </ClCompile>
    <ClCompile Include="D:\a\pycdc\pycdc\bytes\python_3_8.cpp">
      <Filter>Source Files</Filter>
    </ClCompile>
    <ClCompile Include="D:\a\pycdc\pycdc\bytes\python_3_9.cpp">
      <Filter>Source Files</Filter>
    </ClCompile>
    <ClCompile Include="D:\a\pycdc\pycdc\bytes\python_3_10.cpp">
      <Filter>Source Files</Filter>
    </ClCompile>
    <ClCompile Include="D:\a\pycdc\pycdc\bytes\python_3_11.cpp">
      <Filter>Source Files</Filter>
    </ClCompile>
    <ClCompile Include="D:\a\pycdc\pycdc\bytes\python_3_12.cpp">
      <Filter>Source Files</Filter>
    </ClCompile>
  </ItemGroup>
  <ItemGroup>
    <CustomBuild Include="D:\a\pycdc\pycdc\CMakeLists.txt" />
  </ItemGroup>
  <ItemGroup>
    <Filter Include="Source Files">
      <UniqueIdentifier>{B9370FC7-93F5-3A0B-88C7-171036DE2601}</UniqueIdentifier>
    </Filter>
  </ItemGroup>
</Project>
